Microsoft Visual Studio Solution File, Format Version 12.00
# Visual Studio 15
VisualStudioVersion = 15.0.28307.106
MinimumVisualStudioVersion = 10.0.40219.1
Project("{9A19103F-16F7-4668-BE54-9A1E7A4F7556}") = "AllenBradleyPuzzle", "AllenBradleyPuzzle.csproj", "{B1C4FA64-7E6D-FB22-8C2A-3B3625481B22}"
EndProject
Global
    GlobalSection(SolutionConfigurationPlatforms) = preSolution
        Debug|Any CPU = Debug|Any CPU
        Release|Any CPU = Release|Any CPU
    EndGlobalSection
    GlobalSection(ProjectConfigurationPlatforms) = postSolution
        {B1C4FA64-7E6D-FB22-8C2A-3B3625481B22}.Debug|Any CPU.ActiveCfg = Debug|Any CPU
        {B1C4FA64-7E6D-FB22-8C2A-3B3625481B22}.Debug|Any CPU.Build.0 = Debug|Any CPU
        {B1C4FA64-7E6D-FB22-8C2A-3B3625481B22}.Release|Any CPU.ActiveCfg = Release|Any CPU
        {B1C4FA64-7E6D-FB22-8C2A-3B3625481B22}.Release|Any CPU.Build.0 = Release|Any CPU
    EndGlobalSection
    GlobalSection(SolutionProperties) = preSolution
        HideSolutionNode = FALSE
    EndGlobalSection
EndGlobal
